// !$*UTF8*$!
{
	archiveVersion = 1;
	classes = {
	};
	objectVersion = 46;
	objects = {

/* Begin PBXBuildFile section */
		9200BC181DB1634700070AE9 /* AppDelegate.swift in Sources */ = {isa = PBXBuildFile; fileRef = 9200BC171DB1634700070AE9 /* AppDelegate.swift */; };
		9200BC1A1DB1634700070AE9 /* MainAppViewController.swift in Sources */ = {isa = PBXBuildFile; fileRef = 9200BC191DB1634700070AE9 /* MainAppViewController.swift */; };
		9200BC1F1DB1634700070AE9 /* Assets.xcassets in Resources */ = {isa = PBXBuildFile; fileRef = 9200BC1E1DB1634700070AE9 /* Assets.xcassets */; };
		9200BC221DB1634700070AE9 /* LaunchScreen.storyboard in Resources */ = {isa = PBXBuildFile; fileRef = 9200BC201DB1634700070AE9 /* LaunchScreen.storyboard */; };
		9200BC2A1DB1663700070AE9 /* MerithayanUI.swift in Sources */ = {isa = PBXBuildFile; fileRef = 9200BC291DB1663700070AE9 /* MerithayanUI.swift */; };
		9200BC2C1DB1684E00070AE9 /* UserSetupViewController.swift in Sources */ = {isa = PBXBuildFile; fileRef = 9200BC2B1DB1684E00070AE9 /* UserSetupViewController.swift */; };
		9200BC2E1DB1693E00070AE9 /* AchievementsViewController.swift in Sources */ = {isa = PBXBuildFile; fileRef = 9200BC2D1DB1693E00070AE9 /* AchievementsViewController.swift */; };
		9200BC301DB16D2200070AE9 /* AppMechanics.swift in Sources */ = {isa = PBXBuildFile; fileRef = 9200BC2F1DB16D2200070AE9 /* AppMechanics.swift */; };
		9200BC351DB1997C00070AE9 /* ScannerView.swift in Sources */ = {isa = PBXBuildFile; fileRef = 9200BC341DB1997C00070AE9 /* ScannerView.swift */; };
		921E4EDE1DB1B4B70005BEBF /* Mapbox.framework in Frameworks */ = {isa = PBXBuildFile; fileRef = 921E4EDD1DB1B4B70005BEBF /* Mapbox.framework */; };
		921E4EDF1DB1B4B70005BEBF /* Mapbox.framework in Embed Frameworks */ = {isa = PBXBuildFile; fileRef = 921E4EDD1DB1B4B70005BEBF /* Mapbox.framework */; settings = {ATTRIBUTES = (CodeSignOnCopy, RemoveHeadersOnCopy, ); }; };
		AC0D74731DB2558F00A5CFBC /* SocketIO.framework in Frameworks */ = {isa = PBXBuildFile; fileRef = AC0D74681DB2558000A5CFBC /* SocketIO.framework */; };
		AC0D74741DB2558F00A5CFBC /* SocketIO.framework in Embed Frameworks */ = {isa = PBXBuildFile; fileRef = AC0D74681DB2558000A5CFBC /* SocketIO.framework */; settings = {ATTRIBUTES = (CodeSignOnCopy, RemoveHeadersOnCopy, ); }; };
		ACDE2CB81DB1A8D000BB79F2 /* controlView.swift in Sources */ = {isa = PBXBuildFile; fileRef = ACDE2CB71DB1A8D000BB79F2 /* controlView.swift */; };
/* End PBXBuildFile section */

/* Begin PBXContainerItemProxy section */
		920B2CF11DB20D6F00738118 /* PBXContainerItemProxy */ = {
			isa = PBXContainerItemProxy;
			containerPortal = 920B2CE81DB20D6F00738118 /* Socket.IO-Client-Swift.xcodeproj */;
			proxyType = 2;
			remoteGlobalIDString = 572EF2191B51F16C00EEBB58;
			remoteInfo = "SocketIO-iOS";
		};
		920B2CF31DB20D6F00738118 /* PBXContainerItemProxy */ = {
			isa = PBXContainerItemProxy;
			containerPortal = 920B2CE81DB20D6F00738118 /* Socket.IO-Client-Swift.xcodeproj */;
			proxyType = 2;
			remoteGlobalIDString = 572EF2241B51F16C00EEBB58;
			remoteInfo = "SocketIO-iOSTests";
		};
		920B2CF51DB20D6F00738118 /* PBXContainerItemProxy */ = {
			isa = PBXContainerItemProxy;
			containerPortal = 920B2CE81DB20D6F00738118 /* Socket.IO-Client-Swift.xcodeproj */;
			proxyType = 2;
			remoteGlobalIDString = 572EF2381B51F18A00EEBB58;
			remoteInfo = "SocketIO-Mac";
		};
		920B2CF71DB20D6F00738118 /* PBXContainerItemProxy */ = {
			isa = PBXContainerItemProxy;
			containerPortal = 920B2CE81DB20D6F00738118 /* Socket.IO-Client-Swift.xcodeproj */;
			proxyType = 2;
			remoteGlobalIDString = 572EF2421B51F18A00EEBB58;
			remoteInfo = "SocketIO-MacTests";
		};
		920B2CF91DB20D6F00738118 /* PBXContainerItemProxy */ = {
			isa = PBXContainerItemProxy;
			containerPortal = 920B2CE81DB20D6F00738118 /* Socket.IO-Client-Swift.xcodeproj */;
			proxyType = 2;
			remoteGlobalIDString = 57634A161BD9B46A00E19CD7;
			remoteInfo = "SocketIO-tvOS";
		};
		920B2CFB1DB20D6F00738118 /* PBXContainerItemProxy */ = {
			isa = PBXContainerItemProxy;
			containerPortal = 920B2CE81DB20D6F00738118 /* Socket.IO-Client-Swift.xcodeproj */;
			proxyType = 2;
			remoteGlobalIDString = 57634A3B1BD9B46D00E19CD7;
			remoteInfo = "SocketIO-tvOSTests";
		};
		AC0D74671DB2558000A5CFBC /* PBXContainerItemProxy */ = {
			isa = PBXContainerItemProxy;
			containerPortal = AC0D745E1DB2558000A5CFBC /* Socket.IO-Client-Swift.xcodeproj */;
			proxyType = 2;
			remoteGlobalIDString = 572EF2191B51F16C00EEBB58;
			remoteInfo = "SocketIO-iOS";
		};
		AC0D74691DB2558000A5CFBC /* PBXContainerItemProxy */ = {
			isa = PBXContainerItemProxy;
			containerPortal = AC0D745E1DB2558000A5CFBC /* Socket.IO-Client-Swift.xcodeproj */;
			proxyType = 2;
			remoteGlobalIDString = 572EF2241B51F16C00EEBB58;
			remoteInfo = "SocketIO-iOSTests";
		};
		AC0D746B1DB2558000A5CFBC /* PBXContainerItemProxy */ = {
			isa = PBXContainerItemProxy;
			containerPortal = AC0D745E1DB2558000A5CFBC /* Socket.IO-Client-Swift.xcodeproj */;
			proxyType = 2;
			remoteGlobalIDString = 572EF2381B51F18A00EEBB58;
			remoteInfo = "SocketIO-Mac";
		};
		AC0D746D1DB2558000A5CFBC /* PBXContainerItemProxy */ = {
			isa = PBXContainerItemProxy;
			containerPortal = AC0D745E1DB2558000A5CFBC /* Socket.IO-Client-Swift.xcodeproj */;
			proxyType = 2;
			remoteGlobalIDString = 572EF2421B51F18A00EEBB58;
			remoteInfo = "SocketIO-MacTests";
		};
		AC0D746F1DB2558000A5CFBC /* PBXContainerItemProxy */ = {
			isa = PBXContainerItemProxy;
			containerPortal = AC0D745E1DB2558000A5CFBC /* Socket.IO-Client-Swift.xcodeproj */;
			proxyType = 2;
			remoteGlobalIDString = 57634A161BD9B46A00E19CD7;
			remoteInfo = "SocketIO-tvOS";
		};
		AC0D74711DB2558000A5CFBC /* PBXContainerItemProxy */ = {
			isa = PBXContainerItemProxy;
			containerPortal = AC0D745E1DB2558000A5CFBC /* Socket.IO-Client-Swift.xcodeproj */;
			proxyType = 2;
			remoteGlobalIDString = 57634A3B1BD9B46D00E19CD7;
			remoteInfo = "SocketIO-tvOSTests";
		};
		AC0D74751DB2558F00A5CFBC /* PBXContainerItemProxy */ = {
			isa = PBXContainerItemProxy;
			containerPortal = AC0D745E1DB2558000A5CFBC /* Socket.IO-Client-Swift.xcodeproj */;
			proxyType = 1;
			remoteGlobalIDString = 572EF2181B51F16C00EEBB58;
			remoteInfo = "SocketIO-iOS";
		};
/* End PBXContainerItemProxy section */

/* Begin PBXCopyFilesBuildPhase section */
		921E4EE01DB1B4B70005BEBF /* Embed Frameworks */ = {
			isa = PBXCopyFilesBuildPhase;
			buildActionMask = 2147483647;
			dstPath = "";
			dstSubfolderSpec = 10;
			files = (
				921E4EDF1DB1B4B70005BEBF /* Mapbox.framework in Embed Frameworks */,
				AC0D74741DB2558F00A5CFBC /* SocketIO.framework in Embed Frameworks */,
			);
			name = "Embed Frameworks";
			runOnlyForDeploymentPostprocessing = 0;
		};
/* End PBXCopyFilesBuildPhase section */

/* Begin PBXFileReference section */
		9200BC141DB1634700070AE9 /* GUTS2016.app */ = {isa = PBXFileReference; explicitFileType = wrapper.application; includeInIndex = 0; path = GUTS2016.app; sourceTree = BUILT_PRODUCTS_DIR; };
		9200BC171DB1634700070AE9 /* AppDelegate.swift */ = {isa = PBXFileReference; lastKnownFileType = sourcecode.swift; path = AppDelegate.swift; sourceTree = "<group>"; };
		9200BC191DB1634700070AE9 /* MainAppViewController.swift */ = {isa = PBXFileReference; lastKnownFileType = sourcecode.swift; path = MainAppViewController.swift; sourceTree = "<group>"; };
		9200BC1E1DB1634700070AE9 /* Assets.xcassets */ = {isa = PBXFileReference; lastKnownFileType = folder.assetcatalog; path = Assets.xcassets; sourceTree = "<group>"; };
		9200BC211DB1634700070AE9 /* Base */ = {isa = PBXFileReference; lastKnownFileType = file.storyboard; name = Base; path = Base.lproj/LaunchScreen.storyboard; sourceTree = "<group>"; };
		9200BC231DB1634700070AE9 /* Info.plist */ = {isa = PBXFileReference; lastKnownFileType = text.plist.xml; path = Info.plist; sourceTree = "<group>"; };
		9200BC291DB1663700070AE9 /* MerithayanUI.swift */ = {isa = PBXFileReference; fileEncoding = 4; lastKnownFileType = sourcecode.swift; path = MerithayanUI.swift; sourceTree = "<group>"; };
		9200BC2B1DB1684E00070AE9 /* UserSetupViewController.swift */ = {isa = PBXFileReference; fileEncoding = 4; lastKnownFileType = sourcecode.swift; path = UserSetupViewController.swift; sourceTree = "<group>"; };
		9200BC2D1DB1693E00070AE9 /* AchievementsViewController.swift */ = {isa = PBXFileReference; fileEncoding = 4; lastKnownFileType = sourcecode.swift; path = AchievementsViewController.swift; sourceTree = "<group>"; };
		9200BC2F1DB16D2200070AE9 /* AppMechanics.swift */ = {isa = PBXFileReference; fileEncoding = 4; lastKnownFileType = sourcecode.swift; path = AppMechanics.swift; sourceTree = "<group>"; };
		9200BC341DB1997C00070AE9 /* ScannerView.swift */ = {isa = PBXFileReference; fileEncoding = 4; lastKnownFileType = sourcecode.swift; path = ScannerView.swift; sourceTree = "<group>"; };
		920B2CE61DB20D4B00738118 /* socket.io-client-swift-8.0.2 */ = {isa = PBXFileReference; lastKnownFileType = folder; path = "socket.io-client-swift-8.0.2"; sourceTree = "<group>"; };
		920B2CE81DB20D6F00738118 /* Socket.IO-Client-Swift.xcodeproj */ = {isa = PBXFileReference; lastKnownFileType = "wrapper.pb-project"; name = "Socket.IO-Client-Swift.xcodeproj"; path = "socket.io-client-swift-8.0.2/Socket.IO-Client-Swift.xcodeproj"; sourceTree = "<group>"; };
		921E4EDD1DB1B4B70005BEBF /* Mapbox.framework */ = {isa = PBXFileReference; lastKnownFileType = wrapper.framework; path = Mapbox.framework; sourceTree = "<group>"; };
		AC0D745E1DB2558000A5CFBC /* Socket.IO-Client-Swift.xcodeproj */ = {isa = PBXFileReference; lastKnownFileType = "wrapper.pb-project"; name = "Socket.IO-Client-Swift.xcodeproj"; path = "../../../../../Volumes/U/socket.io-client-swift-8.0.2/Socket.IO-Client-Swift.xcodeproj"; sourceTree = "<group>"; };
		ACDE2CB71DB1A8D000BB79F2 /* controlView.swift */ = {isa = PBXFileReference; fileEncoding = 4; lastKnownFileType = sourcecode.swift; path = controlView.swift; sourceTree = "<group>"; };
/* End PBXFileReference section */

/* Begin PBXFrameworksBuildPhase section */
		9200BC111DB1634700070AE9 /* Frameworks */ = {
			isa = PBXFrameworksBuildPhase;
			buildActionMask = 2147483647;
			files = (
				921E4EDE1DB1B4B70005BEBF /* Mapbox.framework in Frameworks */,
				AC0D74731DB2558F00A5CFBC /* SocketIO.framework in Frameworks */,
			);
			runOnlyForDeploymentPostprocessing = 0;
		};
/* End PBXFrameworksBuildPhase section */

/* Begin PBXGroup section */
		9200BC0B1DB1634700070AE9 = {
			isa = PBXGroup;
			children = (
				AC0D745E1DB2558000A5CFBC /* Socket.IO-Client-Swift.xcodeproj */,
				920B2CE61DB20D4B00738118 /* socket.io-client-swift-8.0.2 */,
				921E4EDD1DB1B4B70005BEBF /* Mapbox.framework */,
				9200BC291DB1663700070AE9 /* MerithayanUI.swift */,
				9200BC161DB1634700070AE9 /* GUTS2016 */,
				9200BC151DB1634700070AE9 /* Products */,
				9200BC311DB172F500070AE9 /* Frameworks */,
			);
			sourceTree = "<group>";
		};
		9200BC151DB1634700070AE9 /* Products */ = {
			isa = PBXGroup;
			children = (
				9200BC141DB1634700070AE9 /* GUTS2016.app */,
			);
			name = Products;
			sourceTree = "<group>";
		};
		9200BC161DB1634700070AE9 /* GUTS2016 */ = {
			isa = PBXGroup;
			children = (
				ACDE2CB71DB1A8D000BB79F2 /* controlView.swift */,
				9200BC171DB1634700070AE9 /* AppDelegate.swift */,
				9200BC191DB1634700070AE9 /* MainAppViewController.swift */,
				9200BC341DB1997C00070AE9 /* ScannerView.swift */,
				9200BC2D1DB1693E00070AE9 /* AchievementsViewController.swift */,
				9200BC2B1DB1684E00070AE9 /* UserSetupViewController.swift */,
				9200BC2F1DB16D2200070AE9 /* AppMechanics.swift */,
				9200BC1E1DB1634700070AE9 /* Assets.xcassets */,
				9200BC201DB1634700070AE9 /* LaunchScreen.storyboard */,
				9200BC231DB1634700070AE9 /* Info.plist */,
			);
			path = GUTS2016;
			sourceTree = "<group>";
		};
		9200BC311DB172F500070AE9 /* Frameworks */ = {
			isa = PBXGroup;
			children = (
				920B2CE81DB20D6F00738118 /* Socket.IO-Client-Swift.xcodeproj */,
			);
			name = Frameworks;
			sourceTree = "<group>";
		};
		920B2CE91DB20D6F00738118 /* Products */ = {
			isa = PBXGroup;
			children = (
				920B2CF21DB20D6F00738118 /* SocketIO.framework */,
				920B2CF41DB20D6F00738118 /* SocketIO-iOSTests.xctest */,
				920B2CF61DB20D6F00738118 /* SocketIO.framework */,
				920B2CF81DB20D6F00738118 /* SocketIO-MacTests.xctest */,
				920B2CFA1DB20D6F00738118 /* SocketIO.framework */,
				920B2CFC1DB20D6F00738118 /* SocketIO-tvOSTests.xctest */,
			);
			name = Products;
			sourceTree = "<group>";
		};
		AC0D745F1DB2558000A5CFBC /* Products */ = {
			isa = PBXGroup;
			children = (
				AC0D74681DB2558000A5CFBC /* SocketIO.framework */,
				AC0D746A1DB2558000A5CFBC /* SocketIO-iOSTests.xctest */,
				AC0D746C1DB2558000A5CFBC /* SocketIO.framework */,
				AC0D746E1DB2558000A5CFBC /* SocketIO-MacTests.xctest */,
				AC0D74701DB2558000A5CFBC /* SocketIO.framework */,
				AC0D74721DB2558000A5CFBC /* SocketIO-tvOSTests.xctest */,
			);
			name = Products;
			sourceTree = "<group>";
		};
/* End PBXGroup section */

/* Begin PBXNativeTarget section */
		9200BC131DB1634700070AE9 /* GUTS2016 */ = {
			isa = PBXNativeTarget;
			buildConfigurationList = 9200BC261DB1634700070AE9 /* Build configuration list for PBXNativeTarget "GUTS2016" */;
			buildPhases = (
				9200BC101DB1634700070AE9 /* Sources */,
				9200BC111DB1634700070AE9 /* Frameworks */,
				9200BC121DB1634700070AE9 /* Resources */,
				921E4EE01DB1B4B70005BEBF /* Embed Frameworks */,
			);
			buildRules = (
			);
			dependencies = (
				AC0D74761DB2558F00A5CFBC /* PBXTargetDependency */,
			);
			name = GUTS2016;
			productName = GUTS2016;
			productReference = 9200BC141DB1634700070AE9 /* GUTS2016.app */;
			productType = "com.apple.product-type.application";
		};
/* End PBXNativeTarget section */

/* Begin PBXProject section */
		9200BC0C1DB1634700070AE9 /* Project object */ = {
			isa = PBXProject;
			attributes = {
				LastSwiftUpdateCheck = 0810;
				LastUpgradeCheck = 0810;
				ORGANIZATIONNAME = "Tim Hull";
				TargetAttributes = {
					9200BC131DB1634700070AE9 = {
						CreatedOnToolsVersion = 8.1;
						ProvisioningStyle = Automatic;
						SystemCapabilities = {
							com.apple.Maps.iOS = {
								enabled = 0;
							};
						};
					};
				};
			};
			buildConfigurationList = 9200BC0F1DB1634700070AE9 /* Build configuration list for PBXProject "GUTS2016" */;
			compatibilityVersion = "Xcode 3.2";
			developmentRegion = English;
			hasScannedForEncodings = 0;
			knownRegions = (
				en,
				Base,
			);
			mainGroup = 9200BC0B1DB1634700070AE9;
			productRefGroup = 9200BC151DB1634700070AE9 /* Products */;
			projectDirPath = "";
			projectReferences = (
				{
					ProductGroup = AC0D745F1DB2558000A5CFBC /* Products */;
					ProjectRef = AC0D745E1DB2558000A5CFBC /* Socket.IO-Client-Swift.xcodeproj */;
				},
				{
					ProductGroup = 920B2CE91DB20D6F00738118 /* Products */;
					ProjectRef = 920B2CE81DB20D6F00738118 /* Socket.IO-Client-Swift.xcodeproj */;
				},
			);
			projectRoot = "";
			targets = (
				9200BC131DB1634700070AE9 /* GUTS2016 */,
			);
		};
/* End PBXProject section */

/* Begin PBXReferenceProxy section */
		920B2CF21DB20D6F00738118 /* SocketIO.framework */ = {
			isa = PBXReferenceProxy;
			fileType = wrapper.framework;
			path = SocketIO.framework;
			remoteRef = 920B2CF11DB20D6F00738118 /* PBXContainerItemProxy */;
			sourceTree = BUILT_PRODUCTS_DIR;
		};
		920B2CF41DB20D6F00738118 /* SocketIO-iOSTests.xctest */ = {
			isa = PBXReferenceProxy;
			fileType = wrapper.cfbundle;
			path = "SocketIO-iOSTests.xctest";
			remoteRef = 920B2CF31DB20D6F00738118 /* PBXContainerItemProxy */;
			sourceTree = BUILT_PRODUCTS_DIR;
		};
		920B2CF61DB20D6F00738118 /* SocketIO.framework */ = {
			isa = PBXReferenceProxy;
			fileType = wrapper.framework;
			path = SocketIO.framework;
			remoteRef = 920B2CF51DB20D6F00738118 /* PBXContainerItemProxy */;
			sourceTree = BUILT_PRODUCTS_DIR;
		};
		920B2CF81DB20D6F00738118 /* SocketIO-MacTests.xctest */ = {
			isa = PBXReferenceProxy;
			fileType = wrapper.cfbundle;
			path = "SocketIO-MacTests.xctest";
			remoteRef = 920B2CF71DB20D6F00738118 /* PBXContainerItemProxy */;
			sourceTree = BUILT_PRODUCTS_DIR;
		};
		920B2CFA1DB20D6F00738118 /* SocketIO.framework */ = {
			isa = PBXReferenceProxy;
			fileType = wrapper.framework;
			path = SocketIO.framework;
			remoteRef = 920B2CF91DB20D6F00738118 /* PBXContainerItemProxy */;
			sourceTree = BUILT_PRODUCTS_DIR;
		};
		920B2CFC1DB20D6F00738118 /* SocketIO-tvOSTests.xctest */ = {
			isa = PBXReferenceProxy;
			fileType = wrapper.cfbundle;
			path = "SocketIO-tvOSTests.xctest";
			remoteRef = 920B2CFB1DB20D6F00738118 /* PBXContainerItemProxy */;
			sourceTree = BUILT_PRODUCTS_DIR;
		};
		AC0D74681DB2558000A5CFBC /* SocketIO.framework */ = {
			isa = PBXReferenceProxy;
			fileType = wrapper.framework;
			path = SocketIO.framework;
			remoteRef = AC0D74671DB2558000A5CFBC /* PBXContainerItemProxy */;
			sourceTree = BUILT_PRODUCTS_DIR;
		};
		AC0D746A1DB2558000A5CFBC /* SocketIO-iOSTests.xctest */ = {
			isa = PBXReferenceProxy;
			fileType = wrapper.cfbundle;
			path = "SocketIO-iOSTests.xctest";
			remoteRef = AC0D74691DB2558000A5CFBC /* PBXContainerItemProxy */;
			sourceTree = BUILT_PRODUCTS_DIR;
		};
		AC0D746C1DB2558000A5CFBC /* SocketIO.framework */ = {
			isa = PBXReferenceProxy;
			fileType = wrapper.framework;
			path = SocketIO.framework;
			remoteRef = AC0D746B1DB2558000A5CFBC /* PBXContainerItemProxy */;
			sourceTree = BUILT_PRODUCTS_DIR;
		};
		AC0D746E1DB2558000A5CFBC /* SocketIO-MacTests.xctest */ = {
			isa = PBXReferenceProxy;
			fileType = wrapper.cfbundle;
			path = "SocketIO-MacTests.xctest";
			remoteRef = AC0D746D1DB2558000A5CFBC /* PBXContainerItemProxy */;
			sourceTree = BUILT_PRODUCTS_DIR;
		};
		AC0D74701DB2558000A5CFBC /* SocketIO.framework */ = {
			isa = PBXReferenceProxy;
			fileType = wrapper.framework;
			path = SocketIO.framework;
			remoteRef = AC0D746F1DB2558000A5CFBC /* PBXContainerItemProxy */;
			sourceTree = BUILT_PRODUCTS_DIR;
		};
		AC0D74721DB2558000A5CFBC /* SocketIO-tvOSTests.xctest */ = {
			isa = PBXReferenceProxy;
			fileType = wrapper.cfbundle;
			path = "SocketIO-tvOSTests.xctest";
			remoteRef = AC0D74711DB2558000A5CFBC /* PBXContainerItemProxy */;
			sourceTree = BUILT_PRODUCTS_DIR;
		};
/* End PBXReferenceProxy section */

/* Begin PBXResourcesBuildPhase section */
		9200BC121DB1634700070AE9 /* Resources */ = {
			isa = PBXResourcesBuildPhase;
			buildActionMask = 2147483647;
			files = (
				9200BC221DB1634700070AE9 /* LaunchScreen.storyboard in Resources */,
				9200BC1F1DB1634700070AE9 /* Assets.xcassets in Resources */,
			);
			runOnlyForDeploymentPostprocessing = 0;
		};
/* End PBXResourcesBuildPhase section */

/* Begin PBXSourcesBuildPhase section */
		9200BC101DB1634700070AE9 /* Sources */ = {
			isa = PBXSourcesBuildPhase;
			buildActionMask = 2147483647;
			files = (
				9200BC1A1DB1634700070AE9 /* MainAppViewController.swift in Sources */,
				9200BC2A1DB1663700070AE9 /* MerithayanUI.swift in Sources */,
				9200BC181DB1634700070AE9 /* AppDelegate.swift in Sources */,
				9200BC301DB16D2200070AE9 /* AppMechanics.swift in Sources */,
				ACDE2CB81DB1A8D000BB79F2 /* controlView.swift in Sources */,
				9200BC2C1DB1684E00070AE9 /* UserSetupViewController.swift in Sources */,
				9200BC351DB1997C00070AE9 /* ScannerView.swift in Sources */,
				9200BC2E1DB1693E00070AE9 /* AchievementsViewController.swift in Sources */,
			);
			runOnlyForDeploymentPostprocessing = 0;
		};
/* End PBXSourcesBuildPhase section */

/* Begin PBXTargetDependency section */
		AC0D74761DB2558F00A5CFBC /* PBXTargetDependency */ = {
			isa = PBXTargetDependency;
			name = "SocketIO-iOS";
			targetProxy = AC0D74751DB2558F00A5CFBC /* PBXContainerItemProxy */;
		};
/* End PBXTargetDependency section */

/* Begin PBXVariantGroup section */
		9200BC201DB1634700070AE9 /* LaunchScreen.storyboard */ = {
			isa = PBXVariantGroup;
			children = (
				9200BC211DB1634700070AE9 /* Base */,
			);
			name = LaunchScreen.storyboard;
			sourceTree = "<group>";
		};
/* End PBXVariantGroup section */

/* Begin XCBuildConfiguration section */
		9200BC241DB1634700070AE9 /* Debug */ = {
			isa = XCBuildConfiguration;
			buildSettings = {
				ALWAYS_SEARCH_USER_PATHS = NO;
				CLANG_ANALYZER_NONNULL = YES;
				CLANG_CXX_LANGUAGE_STANDARD = "gnu++0x";
				CLANG_CXX_LIBRARY = "libc++";
				CLANG_ENABLE_MODULES = YES;
				CLANG_ENABLE_OBJC_ARC = YES;
				CLANG_WARN_BOOL_CONVERSION = YES;
				CLANG_WARN_CONSTANT_CONVERSION = YES;
				CLANG_WARN_DIRECT_OBJC_ISA_USAGE = YES_ERROR;
				CLANG_WARN_DOCUMENTATION_COMMENTS = YES;
				CLANG_WARN_EMPTY_BODY = YES;
				CLANG_WARN_ENUM_CONVERSION = YES;
				CLANG_WARN_INFINITE_RECURSION = YES;
				CLANG_WARN_INT_CONVERSION = YES;
				CLANG_WARN_OBJC_ROOT_CLASS = YES_ERROR;
				CLANG_WARN_SUSPICIOUS_MOVES = YES;
				CLANG_WARN_UNREACHABLE_CODE = YES;
				CLANG_WARN__DUPLICATE_METHOD_MATCH = YES;
				"CODE_SIGN_IDENTITY[sdk=iphoneos*]" = "iPhone Developer";
				COPY_PHASE_STRIP = NO;
				DEBUG_INFORMATION_FORMAT = dwarf;
				ENABLE_STRICT_OBJC_MSGSEND = YES;
				ENABLE_TESTABILITY = YES;
				GCC_C_LANGUAGE_STANDARD = gnu99;
				GCC_DYNAMIC_NO_PIC = NO;
				GCC_NO_COMMON_BLOCKS = YES;
				GCC_OPTIMIZATION_LEVEL = 0;
				GCC_PREPROCESSOR_DEFINITIONS = (
					"DEBUG=1",
					"$(inherited)",
				);
				GCC_WARN_64_TO_32_BIT_CONVERSION = YES;
				GCC_WARN_ABOUT_RETURN_TYPE = YES_ERROR;
				GCC_WARN_UNDECLARED_SELECTOR = YES;
				GCC_WARN_UNINITIALIZED_AUTOS = YES_AGGRESSIVE;
				GCC_WARN_UNUSED_FUNCTION = YES;
				GCC_WARN_UNUSED_VARIABLE = YES;
				IPHONEOS_DEPLOYMENT_TARGET = 10.1;
				MTL_ENABLE_DEBUG_INFO = YES;
				ONLY_ACTIVE_ARCH = YES;
				SDKROOT = iphoneos;
				SWIFT_ACTIVE_COMPILATION_CONDITIONS = DEBUG;
				SWIFT_OPTIMIZATION_LEVEL = "-Onone";
			};
			name = Debug;
		};
		9200BC251DB1634700070AE9 /* Release */ = {
			isa = XCBuildConfiguration;
			buildSettings = {
				ALWAYS_SEARCH_USER_PATHS = NO;
				CLANG_ANALYZER_NONNULL = YES;
				CLANG_CXX_LANGUAGE_STANDARD = "gnu++0x";
				CLANG_CXX_LIBRARY = "libc++";
				CLANG_ENABLE_MODULES = YES;
				CLANG_ENABLE_OBJC_ARC = YES;
				CLANG_WARN_BOOL_CONVERSION = YES;
				CLANG_WARN_CONSTANT_CONVERSION = YES;
				CLANG_WARN_DIRECT_OBJC_ISA_USAGE = YES_ERROR;
				CLANG_WARN_DOCUMENTATION_COMMENTS = YES;
				CLANG_WARN_EMPTY_BODY = YES;
				CLANG_WARN_ENUM_CONVERSION = YES;
				CLANG_WARN_INFINITE_RECURSION = YES;
				CLANG_WARN_INT_CONVERSION = YES;
				CLANG_WARN_OBJC_ROOT_CLASS = YES_ERROR;
				CLANG_WARN_SUSPICIOUS_MOVES = YES;
				CLANG_WARN_UNREACHABLE_CODE = YES;
				CLANG_WARN__DUPLICATE_METHOD_MATCH = YES;
				"CODE_SIGN_IDENTITY[sdk=iphoneos*]" = "iPhone Developer";
				COPY_PHASE_STRIP = NO;
				DEBUG_INFORMATION_FORMAT = "dwarf-with-dsym";
				ENABLE_NS_ASSERTIONS = NO;
				ENABLE_STRICT_OBJC_MSGSEND = YES;
				GCC_C_LANGUAGE_STANDARD = gnu99;
				GCC_NO_COMMON_BLOCKS = YES;
				GCC_WARN_64_TO_32_BIT_CONVERSION = YES;
				GCC_WARN_ABOUT_RETURN_TYPE = YES_ERROR;
				GCC_WARN_UNDECLARED_SELECTOR = YES;
				GCC_WARN_UNINITIALIZED_AUTOS = YES_AGGRESSIVE;
				GCC_WARN_UNUSED_FUNCTION = YES;
				GCC_WARN_UNUSED_VARIABLE = YES;
				IPHONEOS_DEPLOYMENT_TARGET = 10.1;
				MTL_ENABLE_DEBUG_INFO = NO;
				SDKROOT = iphoneos;
				SWIFT_OPTIMIZATION_LEVEL = "-Owholemodule";
				VALIDATE_PRODUCT = YES;
			};
			name = Release;
		};
		9200BC271DB1634700070AE9 /* Debug */ = {
			isa = XCBuildConfiguration;
			buildSettings = {
				ALWAYS_EMBED_SWIFT_STANDARD_LIBRARIES = YES;
				ASSETCATALOG_COMPILER_APPICON_NAME = AppIcon;
				DEVELOPMENT_TEAM = "";
				FRAMEWORK_SEARCH_PATHS = (
					"$(inherited)",
					"$(PROJECT_DIR)",
				);
				INFOPLIST_FILE = GUTS2016/Info.plist;
				IPHONEOS_DEPLOYMENT_TARGET = 10.0;
				LD_RUNPATH_SEARCH_PATHS = "$(inherited) @executable_path/Frameworks";
				LIBRARY_SEARCH_PATHS = (
					"$(inherited)",
					"$(PROJECT_DIR)/Mapbox.framework",
				);
				PRODUCT_BUNDLE_IDENTIFIER = uk.co.merithayan.GUTS2016;
				PRODUCT_NAME = "$(TARGET_NAME)";
				SWIFT_VERSION = 3.0;
			};
			name = Debug;
		};
		9200BC281DB1634700070AE9 /* Release */ = {
			isa = XCBuildConfiguration;
			buildSettings = {
				ALWAYS_EMBED_SWIFT_STANDARD_LIBRARIES = YES;
				ASSETCATALOG_COMPILER_APPICON_NAME = AppIcon;
				DEVELOPMENT_TEAM = "";
				FRAMEWORK_SEARCH_PATHS = (
					"$(inherited)",
					"$(PROJECT_DIR)",
				);
				INFOPLIST_FILE = GUTS2016/Info.plist;
				IPHONEOS_DEPLOYMENT_TARGET = 10.0;
				LD_RUNPATH_SEARCH_PATHS = "$(inherited) @executable_path/Frameworks";
				LIBRARY_SEARCH_PATHS = (
					"$(inherited)",
					"$(PROJECT_DIR)/Mapbox.framework",
				);
				PRODUCT_BUNDLE_IDENTIFIER = uk.co.merithayan.GUTS2016;
				PRODUCT_NAME = "$(TARGET_NAME)";
				SWIFT_VERSION = 3.0;
			};
			name = Release;
		};
/* End XCBuildConfiguration section */

/* Begin XCConfigurationList section */
		9200BC0F1DB1634700070AE9 /* Build configuration list for PBXProject "GUTS2016" */ = {
			isa = XCConfigurationList;
			buildConfigurations = (
				9200BC241DB1634700070AE9 /* Debug */,
				9200BC251DB1634700070AE9 /* Release */,
			);
			defaultConfigurationIsVisible = 0;
			defaultConfigurationName = Release;
		};
		9200BC261DB1634700070AE9 /* Build configuration list for PBXNativeTarget "GUTS2016" */ = {
			isa = XCConfigurationList;
			buildConfigurations = (
				9200BC271DB1634700070AE9 /* Debug */,
				9200BC281DB1634700070AE9 /* Release */,
			);
			defaultConfigurationIsVisible = 0;
			defaultConfigurationName = Release;
		};
/* End XCConfigurationList section */
	};
	rootObject = 9200BC0C1DB1634700070AE9 /* Project object */;
}
